
Microsoft Visual Studio Solution File, Format Version 12.00
# Visual Studio Version 16
VisualStudioVersion = 16.0.29613.14
MinimumVisualStudioVersion = 10.0.40219.1
Project("{FAE04EC0-301F-11D3-BF4B-00C04F79EFBC}") = "SetIcon", "SetIcon.csproj", "{01FCD886-5ED3-4323-B70E-0A9E79489419}"
EndProject
Global
	GlobalSection(SolutionConfigurationPlatforms) = preSolution
		Debug|Any CPU = Debug|Any CPU
		Release|Any CPU = Release|Any CPU
	EndGlobalSection
	GlobalSection(ProjectConfigurationPlatforms) = postSolution
		{01FCD886-5ED3-4323-B70E-0A9E79489419}.Debug|Any CPU.ActiveCfg = Debug|Any CPU
		{01FCD886-5ED3-4323-B70E-0A9E79489419}.Debug|Any CPU.Build.0 = Debug|Any CPU
		{01FCD886-5ED3-4323-B70E-0A9E79489419}.Release|Any CPU.ActiveCfg = Release|Any CPU
		{01FCD886-5ED3-4323-B70E-0A9E79489419}.Release|Any CPU.Build.0 = Release|Any CPU
	EndGlobalSection
	GlobalSection(SolutionProperties) = preSolution
		HideSolutionNode = FALSE
	EndGlobalSection
	GlobalSection(ExtensibilityGlobals) = postSolution
		SolutionGuid = {B75CF4C0-0E90-49AE-BD24-9489B1B9BE2D}
	EndGlobalSection
EndGlobal
