
Microsoft Visual Studio Solution File, Format Version 12.00
# Visual Studio 14
VisualStudioVersion = 14.0.25420.1
MinimumVisualStudioVersion = 10.0.40219.1
Project("{FAE04EC0-301F-11D3-BF4B-00C04F79EFBC}") = "example_Delegate_Event_Invoke", "example_Delegate_Event_Invoke\example_Delegate_Event_Invoke.csproj", "{79DE1C96-FA03-4422-8119-8897BC32F395}"
EndProject
Project("{FAE04EC0-301F-11D3-BF4B-00C04F79EFBC}") = "Controller", "Controller\Controller.csproj", "{2BEF4797-7D6B-4A9D-9007-00CF4144D846}"
EndProject
Project("{FAE04EC0-301F-11D3-BF4B-00C04F79EFBC}") = "Frameworks", "Frameworks\Frameworks.csproj", "{1AFB63FD-DD38-496E-B2EE-267CA241564B}"
EndProject
Project("{FAE04EC0-301F-11D3-BF4B-00C04F79EFBC}") = "Devices", "Devices\Devices.csproj", "{77307E11-20B4-48F3-868B-EE886620DB72}"
EndProject
Project("{FAE04EC0-301F-11D3-BF4B-00C04F79EFBC}") = "TestInvoke", "TestInvoke\TestInvoke.csproj", "{C8A50770-C875-41C9-B665-45EBFBF6965D}"
EndProject
Global
	GlobalSection(SolutionConfigurationPlatforms) = preSolution
		Debug|Any CPU = Debug|Any CPU
		Release|Any CPU = Release|Any CPU
	EndGlobalSection
	GlobalSection(ProjectConfigurationPlatforms) = postSolution
		{79DE1C96-FA03-4422-8119-8897BC32F395}.Debug|Any CPU.ActiveCfg = Debug|Any CPU
		{79DE1C96-FA03-4422-8119-8897BC32F395}.Debug|Any CPU.Build.0 = Debug|Any CPU
		{79DE1C96-FA03-4422-8119-8897BC32F395}.Release|Any CPU.ActiveCfg = Release|Any CPU
		{79DE1C96-FA03-4422-8119-8897BC32F395}.Release|Any CPU.Build.0 = Release|Any CPU
		{2BEF4797-7D6B-4A9D-9007-00CF4144D846}.Debug|Any CPU.ActiveCfg = Debug|Any CPU
		{2BEF4797-7D6B-4A9D-9007-00CF4144D846}.Debug|Any CPU.Build.0 = Debug|Any CPU
		{2BEF4797-7D6B-4A9D-9007-00CF4144D846}.Release|Any CPU.ActiveCfg = Release|Any CPU
		{2BEF4797-7D6B-4A9D-9007-00CF4144D846}.Release|Any CPU.Build.0 = Release|Any CPU
		{1AFB63FD-DD38-496E-B2EE-267CA241564B}.Debug|Any CPU.ActiveCfg = Debug|Any CPU
		{1AFB63FD-DD38-496E-B2EE-267CA241564B}.Debug|Any CPU.Build.0 = Debug|Any CPU
		{1AFB63FD-DD38-496E-B2EE-267CA241564B}.Release|Any CPU.ActiveCfg = Release|Any CPU
		{1AFB63FD-DD38-496E-B2EE-267CA241564B}.Release|Any CPU.Build.0 = Release|Any CPU
		{77307E11-20B4-48F3-868B-EE886620DB72}.Debug|Any CPU.ActiveCfg = Debug|Any CPU
		{77307E11-20B4-48F3-868B-EE886620DB72}.Debug|Any CPU.Build.0 = Debug|Any CPU
		{77307E11-20B4-48F3-868B-EE886620DB72}.Release|Any CPU.ActiveCfg = Release|Any CPU
		{77307E11-20B4-48F3-868B-EE886620DB72}.Release|Any CPU.Build.0 = Release|Any CPU
		{C8A50770-C875-41C9-B665-45EBFBF6965D}.Debug|Any CPU.ActiveCfg = Debug|Any CPU
		{C8A50770-C875-41C9-B665-45EBFBF6965D}.Debug|Any CPU.Build.0 = Debug|Any CPU
		{C8A50770-C875-41C9-B665-45EBFBF6965D}.Release|Any CPU.ActiveCfg = Release|Any CPU
		{C8A50770-C875-41C9-B665-45EBFBF6965D}.Release|Any CPU.Build.0 = Release|Any CPU
	EndGlobalSection
	GlobalSection(SolutionProperties) = preSolution
		HideSolutionNode = FALSE
	EndGlobalSection
EndGlobal
